post:
  tags:
    - Utilities
  operationId: systemunlock
  summary: Unlocks the system.
  description: Sytem lock is removed, anyone can login
  security:
    - bearerAuth: []

  responses:
    "200":
      $ref: '..\responsebodies\util.yaml#/infosuccess'
    "403":
      $ref: '..\responsebodies\default.yaml#/unauthorized'
